<?xml version="1.0" encoding="UTF-8"?>
<CodeBlocks_project_file>
	<FileVersion major="1" minor="6"/>
	<Project>
		<Option title="args"/>
		<Option makefile_is_custom="1"/>
		<Option compiler="gcc"/>
		<Option virtualFolders="CMake Files\;CMake Files\cmake\;CMake Files\..\;CMake Files\..\..\;CMake Files\..\..\.hunter\;CMake Files\..\..\.hunter\_Base\;CMake Files\..\..\.hunter\_Base\Download\;CMake Files\..\..\.hunter\_Base\Download\Hunter\;CMake Files\..\..\.hunter\_Base\Download\Hunter\0.14.23\;CMake Files\..\..\.hunter\_Base\Download\Hunter\0.14.23\999f07d\;CMake Files\..\..\.hunter\_Base\Download\Hunter\0.14.23\999f07d\Unpacked\;CMake Files\..\..\.hunter\_Base\Download\Hunter\0.14.23\999f07d\Unpacked\cmake\;CMake Files\..\..\.hunter\_Base\Download\Hunter\0.14.23\999f07d\Unpacked\cmake\modules\;CMake Files\..\..\.hunter\_Base\Download\Hunter\0.14.23\999f07d\Unpacked\cmake\configs\;CMake Files\..\..\.hunter\_Base\Download\Hunter\0.14.23\999f07d\Unpacked\cmake\projects\;CMake Files\..\..\.hunter\_Base\Download\Hunter\0.14.23\999f07d\Unpacked\cmake\projects\GTest\;CMake Files\..\..\.hunter\_Base\Download\Hunter\0.14.23\999f07d\Unpacked\scripts\;CMake Files\..\..\.hunter\_Base\999f07d\;CMake Files\..\..\.hunter\_Base\999f07d\f7ada1b\;CMake Files\..\..\.hunter\_Base\999f07d\f7ada1b\06f50e5\;CMake Files\..\..\.hunter\_Base\999f07d\f7ada1b\06f50e5\Install\;CMake Files\..\..\.hunter\_Base\999f07d\f7ada1b\06f50e5\Install\lib\;CMake Files\..\..\.hunter\_Base\999f07d\f7ada1b\06f50e5\Install\lib\cmake\;CMake Files\..\..\.hunter\_Base\999f07d\f7ada1b\06f50e5\Install\lib\cmake\GTest\;"/>
		<Build>
			<Target title="all">
				<Option working_dir="/Users/dengzhiguo/CLionProjects/args"/>
				<Option type="4"/>
				<MakeCommands>
					<Build command="/usr/bin/make -f &quot;/Users/dengzhiguo/CLionProjects/args/Makefile&quot;  VERBOSE=1 all"/>
					<CompileFile command="/usr/bin/make -f &quot;/Users/dengzhiguo/CLionProjects/args/Makefile&quot;  VERBOSE=1 &quot;$file&quot;"/>
					<Clean command="/usr/bin/make -f &quot;/Users/dengzhiguo/CLionProjects/args/Makefile&quot;  VERBOSE=1 clean"/>
					<DistClean command="/usr/bin/make -f &quot;/Users/dengzhiguo/CLionProjects/args/Makefile&quot;  VERBOSE=1 clean"/>
				</MakeCommands>
			</Target>
			<Target title="argsTest">
				<Option output="/Users/dengzhiguo/CLionProjects/args/argsTest" prefix_auto="0" extension_auto="0"/>
				<Option working_dir="/Users/dengzhiguo/CLionProjects/args"/>
				<Option object_output="./"/>
				<Option type="1"/>
				<Option compiler="gcc"/>
				<Compiler>
					<Add directory="/Users/dengzhiguo/.hunter/_Base/999f07d/f7ada1b/06f50e5/Install/include"/>
				</Compiler>
				<MakeCommands>
					<Build command="/usr/bin/make -f &quot;/Users/dengzhiguo/CLionProjects/args/Makefile&quot;  VERBOSE=1 argsTest"/>
					<CompileFile command="/usr/bin/make -f &quot;/Users/dengzhiguo/CLionProjects/args/Makefile&quot;  VERBOSE=1 &quot;$file&quot;"/>
					<Clean command="/usr/bin/make -f &quot;/Users/dengzhiguo/CLionProjects/args/Makefile&quot;  VERBOSE=1 clean"/>
					<DistClean command="/usr/bin/make -f &quot;/Users/dengzhiguo/CLionProjects/args/Makefile&quot;  VERBOSE=1 clean"/>
				</MakeCommands>
			</Target>
			<Target title="argsTest/fast">
				<Option output="/Users/dengzhiguo/CLionProjects/args/argsTest" prefix_auto="0" extension_auto="0"/>
				<Option working_dir="/Users/dengzhiguo/CLionProjects/args"/>
				<Option object_output="./"/>
				<Option type="1"/>
				<Option compiler="gcc"/>
				<Compiler>
					<Add directory="/Users/dengzhiguo/.hunter/_Base/999f07d/f7ada1b/06f50e5/Install/include"/>
				</Compiler>
				<MakeCommands>
					<Build command="/usr/bin/make -f &quot;/Users/dengzhiguo/CLionProjects/args/Makefile&quot;  VERBOSE=1 argsTest/fast"/>
					<CompileFile command="/usr/bin/make -f &quot;/Users/dengzhiguo/CLionProjects/args/Makefile&quot;  VERBOSE=1 &quot;$file&quot;"/>
					<Clean command="/usr/bin/make -f &quot;/Users/dengzhiguo/CLionProjects/args/Makefile&quot;  VERBOSE=1 clean"/>
					<DistClean command="/usr/bin/make -f &quot;/Users/dengzhiguo/CLionProjects/args/Makefile&quot;  VERBOSE=1 clean"/>
				</MakeCommands>
			</Target>
			<Target title="rebuild_cache">
				<Option working_dir="/Users/dengzhiguo/CLionProjects/args"/>
				<Option type="4"/>
				<MakeCommands>
					<Build command="/usr/bin/make -f &quot;/Users/dengzhiguo/CLionProjects/args/Makefile&quot;  VERBOSE=1 rebuild_cache"/>
					<CompileFile command="/usr/bin/make -f &quot;/Users/dengzhiguo/CLionProjects/args/Makefile&quot;  VERBOSE=1 &quot;$file&quot;"/>
					<Clean command="/usr/bin/make -f &quot;/Users/dengzhiguo/CLionProjects/args/Makefile&quot;  VERBOSE=1 clean"/>
					<DistClean command="/usr/bin/make -f &quot;/Users/dengzhiguo/CLionProjects/args/Makefile&quot;  VERBOSE=1 clean"/>
				</MakeCommands>
			</Target>
			<Target title="edit_cache">
				<Option working_dir="/Users/dengzhiguo/CLionProjects/args"/>
				<Option type="4"/>
				<MakeCommands>
					<Build command="/usr/bin/make -f &quot;/Users/dengzhiguo/CLionProjects/args/Makefile&quot;  VERBOSE=1 edit_cache"/>
					<CompileFile command="/usr/bin/make -f &quot;/Users/dengzhiguo/CLionProjects/args/Makefile&quot;  VERBOSE=1 &quot;$file&quot;"/>
					<Clean command="/usr/bin/make -f &quot;/Users/dengzhiguo/CLionProjects/args/Makefile&quot;  VERBOSE=1 clean"/>
					<DistClean command="/usr/bin/make -f &quot;/Users/dengzhiguo/CLionProjects/args/Makefile&quot;  VERBOSE=1 clean"/>
				</MakeCommands>
			</Target>
			<Target title="args">
				<Option output="/Users/dengzhiguo/CLionProjects/args/args" prefix_auto="0" extension_auto="0"/>
				<Option working_dir="/Users/dengzhiguo/CLionProjects/args"/>
				<Option object_output="./"/>
				<Option type="1"/>
				<Option compiler="gcc"/>
				<Compiler/>
				<MakeCommands>
					<Build command="/usr/bin/make -f &quot;/Users/dengzhiguo/CLionProjects/args/Makefile&quot;  VERBOSE=1 args"/>
					<CompileFile command="/usr/bin/make -f &quot;/Users/dengzhiguo/CLionProjects/args/Makefile&quot;  VERBOSE=1 &quot;$file&quot;"/>
					<Clean command="/usr/bin/make -f &quot;/Users/dengzhiguo/CLionProjects/args/Makefile&quot;  VERBOSE=1 clean"/>
					<DistClean command="/usr/bin/make -f &quot;/Users/dengzhiguo/CLionProjects/args/Makefile&quot;  VERBOSE=1 clean"/>
				</MakeCommands>
			</Target>
			<Target title="args/fast">
				<Option output="/Users/dengzhiguo/CLionProjects/args/args" prefix_auto="0" extension_auto="0"/>
				<Option working_dir="/Users/dengzhiguo/CLionProjects/args"/>
				<Option object_output="./"/>
				<Option type="1"/>
				<Option compiler="gcc"/>
				<Compiler/>
				<MakeCommands>
					<Build command="/usr/bin/make -f &quot;/Users/dengzhiguo/CLionProjects/args/Makefile&quot;  VERBOSE=1 args/fast"/>
					<CompileFile command="/usr/bin/make -f &quot;/Users/dengzhiguo/CLionProjects/args/Makefile&quot;  VERBOSE=1 &quot;$file&quot;"/>
					<Clean command="/usr/bin/make -f &quot;/Users/dengzhiguo/CLionProjects/args/Makefile&quot;  VERBOSE=1 clean"/>
					<DistClean command="/usr/bin/make -f &quot;/Users/dengzhiguo/CLionProjects/args/Makefile&quot;  VERBOSE=1 clean"/>
				</MakeCommands>
			</Target>
		</Build>
		<Unit filename="/Users/dengzhiguo/CLionProjects/args/main.cpp">
			<Option target="args"/>
		</Unit>
		<Unit filename="/Users/dengzhiguo/CLionProjects/args/src/Schema.cpp">
			<Option target="argsTest"/>
			<Option target="args"/>
		</Unit>
		<Unit filename="/Users/dengzhiguo/CLionProjects/args/src/Schema.h">
			<Option target="argsTest"/>
			<Option target="args"/>
		</Unit>
		<Unit filename="/Users/dengzhiguo/CLionProjects/args/test/args_test.cpp">
			<Option target="argsTest"/>
		</Unit>
		<Unit filename="/Users/dengzhiguo/CLionProjects/args/CMakeLists.txt">
			<Option virtualFolder="CMake Files\"/>
		</Unit>
		<Unit filename="/Users/dengzhiguo/CLionProjects/args/cmake/HunterGate.cmake">
			<Option virtualFolder="CMake Files\cmake\"/>
		</Unit>
		<Unit filename="/Users/dengzhiguo/CLionProjects/args/../../.hunter/_Base/Download/Hunter/0.14.23/999f07d/Unpacked/cmake/Hunter">
			<Option virtualFolder="CMake Files\..\..\.hunter\_Base\Download\Hunter\0.14.23\999f07d\Unpacked\cmake\"/>
		</Unit>
		<Unit filename="/Users/dengzhiguo/CLionProjects/args/../../.hunter/_Base/Download/Hunter/0.14.23/999f07d/Unpacked/cmake/modules/hunter_add_package.cmake">
			<Option virtualFolder="CMake Files\..\..\.hunter\_Base\Download\Hunter\0.14.23\999f07d\Unpacked\cmake\modules\"/>
		</Unit>
		<Unit filename="/Users/dengzhiguo/CLionProjects/args/../../.hunter/_Base/Download/Hunter/0.14.23/999f07d/Unpacked/cmake/modules/hunter_add_version.cmake">
			<Option virtualFolder="CMake Files\..\..\.hunter\_Base\Download\Hunter\0.14.23\999f07d\Unpacked\cmake\modules\"/>
		</Unit>
		<Unit filename="/Users/dengzhiguo/CLionProjects/args/../../.hunter/_Base/Download/Hunter/0.14.23/999f07d/Unpacked/cmake/modules/hunter_apply_gate_settings.cmake">
			<Option virtualFolder="CMake Files\..\..\.hunter\_Base\Download\Hunter\0.14.23\999f07d\Unpacked\cmake\modules\"/>
		</Unit>
		<Unit filename="/Users/dengzhiguo/CLionProjects/args/../../.hunter/_Base/Download/Hunter/0.14.23/999f07d/Unpacked/cmake/modules/hunter_cache_run.cmake">
			<Option virtualFolder="CMake Files\..\..\.hunter\_Base\Download\Hunter\0.14.23\999f07d\Unpacked\cmake\modules\"/>
		</Unit>
		<Unit filename="/Users/dengzhiguo/CLionProjects/args/../../.hunter/_Base/Download/Hunter/0.14.23/999f07d/Unpacked/cmake/modules/hunter_cacheable.cmake">
			<Option virtualFolder="CMake Files\..\..\.hunter\_Base\Download\Hunter\0.14.23\999f07d\Unpacked\cmake\modules\"/>
		</Unit>
		<Unit filename="/Users/dengzhiguo/CLionProjects/args/../../.hunter/_Base/Download/Hunter/0.14.23/999f07d/Unpacked/cmake/modules/hunter_calculate_config_sha1.cmake">
			<Option virtualFolder="CMake Files\..\..\.hunter\_Base\Download\Hunter\0.14.23\999f07d\Unpacked\cmake\modules\"/>
		</Unit>
		<Unit filename="/Users/dengzhiguo/CLionProjects/args/../../.hunter/_Base/Download/Hunter/0.14.23/999f07d/Unpacked/cmake/modules/hunter_calculate_self.cmake">
			<Option virtualFolder="CMake Files\..\..\.hunter\_Base\Download\Hunter\0.14.23\999f07d\Unpacked\cmake\modules\"/>
		</Unit>
		<Unit filename="/Users/dengzhiguo/CLionProjects/args/../../.hunter/_Base/Download/Hunter/0.14.23/999f07d/Unpacked/cmake/modules/hunter_calculate_toolchain_sha1.cmake">
			<Option virtualFolder="CMake Files\..\..\.hunter\_Base\Download\Hunter\0.14.23\999f07d\Unpacked\cmake\modules\"/>
		</Unit>
		<Unit filename="/Users/dengzhiguo/CLionProjects/args/../../.hunter/_Base/Download/Hunter/0.14.23/999f07d/Unpacked/cmake/modules/hunter_check_download_error_message.cmake">
			<Option virtualFolder="CMake Files\..\..\.hunter\_Base\Download\Hunter\0.14.23\999f07d\Unpacked\cmake\modules\"/>
		</Unit>
		<Unit filename="/Users/dengzhiguo/CLionProjects/args/../../.hunter/_Base/Download/Hunter/0.14.23/999f07d/Unpacked/cmake/modules/hunter_check_flush_needed.cmake">
			<Option virtualFolder="CMake Files\..\..\.hunter\_Base\Download\Hunter\0.14.23\999f07d\Unpacked\cmake\modules\"/>
		</Unit>
		<Unit filename="/Users/dengzhiguo/CLionProjects/args/../../.hunter/_Base/Download/Hunter/0.14.23/999f07d/Unpacked/cmake/modules/hunter_config.cmake">
			<Option virtualFolder="CMake Files\..\..\.hunter\_Base\Download\Hunter\0.14.23\999f07d\Unpacked\cmake\modules\"/>
		</Unit>
		<Unit filename="/Users/dengzhiguo/CLionProjects/args/../../.hunter/_Base/Download/Hunter/0.14.23/999f07d/Unpacked/cmake/modules/hunter_create_args_file.cmake">
			<Option virtualFolder="CMake Files\..\..\.hunter\_Base\Download\Hunter\0.14.23\999f07d\Unpacked\cmake\modules\"/>
		</Unit>
		<Unit filename="/Users/dengzhiguo/CLionProjects/args/../../.hunter/_Base/Download/Hunter/0.14.23/999f07d/Unpacked/cmake/modules/hunter_create_cache_file.cmake">
			<Option virtualFolder="CMake Files\..\..\.hunter\_Base\Download\Hunter\0.14.23\999f07d\Unpacked\cmake\modules\"/>
		</Unit>
		<Unit filename="/Users/dengzhiguo/CLionProjects/args/../../.hunter/_Base/Download/Hunter/0.14.23/999f07d/Unpacked/cmake/modules/hunter_create_cache_meta_directory.cmake">
			<Option virtualFolder="CMake Files\..\..\.hunter\_Base\Download\Hunter\0.14.23\999f07d\Unpacked\cmake\modules\"/>
		</Unit>
		<Unit filename="/Users/dengzhiguo/CLionProjects/args/../../.hunter/_Base/Download/Hunter/0.14.23/999f07d/Unpacked/cmake/modules/hunter_create_dependency_entry.cmake">
			<Option virtualFolder="CMake Files\..\..\.hunter\_Base\Download\Hunter\0.14.23\999f07d\Unpacked\cmake\modules\"/>
		</Unit>
		<Unit filename="/Users/dengzhiguo/CLionProjects/args/../../.hunter/_Base/Download/Hunter/0.14.23/999f07d/Unpacked/cmake/modules/hunter_create_deps_info.cmake">
			<Option virtualFolder="CMake Files\..\..\.hunter\_Base\Download\Hunter\0.14.23\999f07d\Unpacked\cmake\modules\"/>
		</Unit>
		<Unit filename="/Users/dengzhiguo/CLionProjects/args/../../.hunter/_Base/Download/Hunter/0.14.23/999f07d/Unpacked/cmake/modules/hunter_download.cmake">
			<Option virtualFolder="CMake Files\..\..\.hunter\_Base\Download\Hunter\0.14.23\999f07d\Unpacked\cmake\modules\"/>
		</Unit>
		<Unit filename="/Users/dengzhiguo/CLionProjects/args/../../.hunter/_Base/Download/Hunter/0.14.23/999f07d/Unpacked/cmake/modules/hunter_download_cache_meta_file.cmake">
			<Option virtualFolder="CMake Files\..\..\.hunter\_Base\Download\Hunter\0.14.23\999f07d\Unpacked\cmake\modules\"/>
		</Unit>
		<Unit filename="/Users/dengzhiguo/CLionProjects/args/../../.hunter/_Base/Download/Hunter/0.14.23/999f07d/Unpacked/cmake/modules/hunter_download_cache_raw_file.cmake">
			<Option virtualFolder="CMake Files\..\..\.hunter\_Base\Download\Hunter\0.14.23\999f07d\Unpacked\cmake\modules\"/>
		</Unit>
		<Unit filename="/Users/dengzhiguo/CLionProjects/args/../../.hunter/_Base/Download/Hunter/0.14.23/999f07d/Unpacked/cmake/modules/hunter_fatal_error.cmake">
			<Option virtualFolder="CMake Files\..\..\.hunter\_Base\Download\Hunter\0.14.23\999f07d\Unpacked\cmake\modules\"/>
		</Unit>
		<Unit filename="/Users/dengzhiguo/CLionProjects/args/../../.hunter/_Base/Download/Hunter/0.14.23/999f07d/Unpacked/cmake/modules/hunter_finalize.cmake">
			<Option virtualFolder="CMake Files\..\..\.hunter\_Base\Download\Hunter\0.14.23\999f07d\Unpacked\cmake\modules\"/>
		</Unit>
		<Unit filename="/Users/dengzhiguo/CLionProjects/args/../../.hunter/_Base/Download/Hunter/0.14.23/999f07d/Unpacked/cmake/modules/hunter_find_stamps.cmake">
			<Option virtualFolder="CMake Files\..\..\.hunter\_Base\Download\Hunter\0.14.23\999f07d\Unpacked\cmake\modules\"/>
		</Unit>
		<Unit filename="/Users/dengzhiguo/CLionProjects/args/../../.hunter/_Base/Download/Hunter/0.14.23/999f07d/Unpacked/cmake/modules/hunter_flush_cache_variables.cmake">
			<Option virtualFolder="CMake Files\..\..\.hunter\_Base\Download\Hunter\0.14.23\999f07d\Unpacked\cmake\modules\"/>
		</Unit>
		<Unit filename="/Users/dengzhiguo/CLionProjects/args/../../.hunter/_Base/Download/Hunter/0.14.23/999f07d/Unpacked/cmake/modules/hunter_get_package_deps.cmake">
			<Option virtualFolder="CMake Files\..\..\.hunter\_Base\Download\Hunter\0.14.23\999f07d\Unpacked\cmake\modules\"/>
		</Unit>
		<Unit filename="/Users/dengzhiguo/CLionProjects/args/../../.hunter/_Base/Download/Hunter/0.14.23/999f07d/Unpacked/cmake/modules/hunter_get_package_deps_recurse.cmake">
			<Option virtualFolder="CMake Files\..\..\.hunter\_Base\Download\Hunter\0.14.23\999f07d\Unpacked\cmake\modules\"/>
		</Unit>
		<Unit filename="/Users/dengzhiguo/CLionProjects/args/../../.hunter/_Base/Download/Hunter/0.14.23/999f07d/Unpacked/cmake/modules/hunter_initialize.cmake">
			<Option virtualFolder="CMake Files\..\..\.hunter\_Base\Download\Hunter\0.14.23\999f07d\Unpacked\cmake\modules\"/>
		</Unit>
		<Unit filename="/Users/dengzhiguo/CLionProjects/args/../../.hunter/_Base/Download/Hunter/0.14.23/999f07d/Unpacked/cmake/modules/hunter_internal_error.cmake">
			<Option virtualFolder="CMake Files\..\..\.hunter\_Base\Download\Hunter\0.14.23\999f07d\Unpacked\cmake\modules\"/>
		</Unit>
		<Unit filename="/Users/dengzhiguo/CLionProjects/args/../../.hunter/_Base/Download/Hunter/0.14.23/999f07d/Unpacked/cmake/modules/hunter_jobs_number.cmake">
			<Option virtualFolder="CMake Files\..\..\.hunter\_Base\Download\Hunter\0.14.23\999f07d\Unpacked\cmake\modules\"/>
		</Unit>
		<Unit filename="/Users/dengzhiguo/CLionProjects/args/../../.hunter/_Base/Download/Hunter/0.14.23/999f07d/Unpacked/cmake/modules/hunter_load_from_cache.cmake">
			<Option virtualFolder="CMake Files\..\..\.hunter\_Base\Download\Hunter\0.14.23\999f07d\Unpacked\cmake\modules\"/>
		</Unit>
		<Unit filename="/Users/dengzhiguo/CLionProjects/args/../../.hunter/_Base/Download/Hunter/0.14.23/999f07d/Unpacked/cmake/modules/hunter_lock_directory.cmake">
			<Option virtualFolder="CMake Files\..\..\.hunter\_Base\Download\Hunter\0.14.23\999f07d\Unpacked\cmake\modules\"/>
		</Unit>
		<Unit filename="/Users/dengzhiguo/CLionProjects/args/../../.hunter/_Base/Download/Hunter/0.14.23/999f07d/Unpacked/cmake/modules/hunter_make_directory.cmake">
			<Option virtualFolder="CMake Files\..\..\.hunter\_Base\Download\Hunter\0.14.23\999f07d\Unpacked\cmake\modules\"/>
		</Unit>
		<Unit filename="/Users/dengzhiguo/CLionProjects/args/../../.hunter/_Base/Download/Hunter/0.14.23/999f07d/Unpacked/cmake/modules/hunter_pack_directory.cmake">
			<Option virtualFolder="CMake Files\..\..\.hunter\_Base\Download\Hunter\0.14.23\999f07d\Unpacked\cmake\modules\"/>
		</Unit>
		<Unit filename="/Users/dengzhiguo/CLionProjects/args/../../.hunter/_Base/Download/Hunter/0.14.23/999f07d/Unpacked/cmake/modules/hunter_patch_unrelocatable_text_files.cmake">
			<Option virtualFolder="CMake Files\..\..\.hunter\_Base\Download\Hunter\0.14.23\999f07d\Unpacked\cmake\modules\"/>
		</Unit>
		<Unit filename="/Users/dengzhiguo/CLionProjects/args/../../.hunter/_Base/Download/Hunter/0.14.23/999f07d/Unpacked/cmake/modules/hunter_pick_scheme.cmake">
			<Option virtualFolder="CMake Files\..\..\.hunter\_Base\Download\Hunter\0.14.23\999f07d\Unpacked\cmake\modules\"/>
		</Unit>
		<Unit filename="/Users/dengzhiguo/CLionProjects/args/../../.hunter/_Base/Download/Hunter/0.14.23/999f07d/Unpacked/cmake/modules/hunter_print_cmd.cmake">
			<Option virtualFolder="CMake Files\..\..\.hunter\_Base\Download\Hunter\0.14.23\999f07d\Unpacked\cmake\modules\"/>
		</Unit>
		<Unit filename="/Users/dengzhiguo/CLionProjects/args/../../.hunter/_Base/Download/Hunter/0.14.23/999f07d/Unpacked/cmake/modules/hunter_register_dependency.cmake">
			<Option virtualFolder="CMake Files\..\..\.hunter\_Base\Download\Hunter\0.14.23\999f07d\Unpacked\cmake\modules\"/>
		</Unit>
		<Unit filename="/Users/dengzhiguo/CLionProjects/args/../../.hunter/_Base/Download/Hunter/0.14.23/999f07d/Unpacked/cmake/modules/hunter_save_to_cache.cmake">
			<Option virtualFolder="CMake Files\..\..\.hunter\_Base\Download\Hunter\0.14.23\999f07d\Unpacked\cmake\modules\"/>
		</Unit>
		<Unit filename="/Users/dengzhiguo/CLionProjects/args/../../.hunter/_Base/Download/Hunter/0.14.23/999f07d/Unpacked/cmake/modules/hunter_set_config_location.cmake">
			<Option virtualFolder="CMake Files\..\..\.hunter\_Base\Download\Hunter\0.14.23\999f07d\Unpacked\cmake\modules\"/>
		</Unit>
		<Unit filename="/Users/dengzhiguo/CLionProjects/args/../../.hunter/_Base/Download/Hunter/0.14.23/999f07d/Unpacked/cmake/modules/hunter_sleep_before_download.cmake">
			<Option virtualFolder="CMake Files\..\..\.hunter\_Base\Download\Hunter\0.14.23\999f07d\Unpacked\cmake\modules\"/>
		</Unit>
		<Unit filename="/Users/dengzhiguo/CLionProjects/args/../../.hunter/_Base/Download/Hunter/0.14.23/999f07d/Unpacked/cmake/modules/hunter_status_debug.cmake">
			<Option virtualFolder="CMake Files\..\..\.hunter\_Base\Download\Hunter\0.14.23\999f07d\Unpacked\cmake\modules\"/>
		</Unit>
		<Unit filename="/Users/dengzhiguo/CLionProjects/args/../../.hunter/_Base/Download/Hunter/0.14.23/999f07d/Unpacked/cmake/modules/hunter_status_print.cmake">
			<Option virtualFolder="CMake Files\..\..\.hunter\_Base\Download\Hunter\0.14.23\999f07d\Unpacked\cmake\modules\"/>
		</Unit>
		<Unit filename="/Users/dengzhiguo/CLionProjects/args/../../.hunter/_Base/Download/Hunter/0.14.23/999f07d/Unpacked/cmake/modules/hunter_test_string_not_empty.cmake">
			<Option virtualFolder="CMake Files\..\..\.hunter\_Base\Download\Hunter\0.14.23\999f07d\Unpacked\cmake\modules\"/>
		</Unit>
		<Unit filename="/Users/dengzhiguo/CLionProjects/args/../../.hunter/_Base/Download/Hunter/0.14.23/999f07d/Unpacked/cmake/modules/hunter_unpack_directory.cmake">
			<Option virtualFolder="CMake Files\..\..\.hunter\_Base\Download\Hunter\0.14.23\999f07d\Unpacked\cmake\modules\"/>
		</Unit>
		<Unit filename="/Users/dengzhiguo/CLionProjects/args/../../.hunter/_Base/Download/Hunter/0.14.23/999f07d/Unpacked/cmake/modules/hunter_unsetvar.cmake">
			<Option virtualFolder="CMake Files\..\..\.hunter\_Base\Download\Hunter\0.14.23\999f07d\Unpacked\cmake\modules\"/>
		</Unit>
		<Unit filename="/Users/dengzhiguo/CLionProjects/args/../../.hunter/_Base/Download/Hunter/0.14.23/999f07d/Unpacked/cmake/modules/hunter_user_error.cmake">
			<Option virtualFolder="CMake Files\..\..\.hunter\_Base\Download\Hunter\0.14.23\999f07d\Unpacked\cmake\modules\"/>
		</Unit>
		<Unit filename="/Users/dengzhiguo/CLionProjects/args/../../.hunter/_Base/Download/Hunter/0.14.23/999f07d/Unpacked/cmake/modules/hunter_wiki.cmake">
			<Option virtualFolder="CMake Files\..\..\.hunter\_Base\Download\Hunter\0.14.23\999f07d\Unpacked\cmake\modules\"/>
		</Unit>
		<Unit filename="/Users/dengzhiguo/CLionProjects/args/../../.hunter/_Base/Download/Hunter/0.14.23/999f07d/Unpacked/cmake/configs/default.cmake">
			<Option virtualFolder="CMake Files\..\..\.hunter\_Base\Download\Hunter\0.14.23\999f07d\Unpacked\cmake\configs\"/>
		</Unit>
		<Unit filename="/Users/dengzhiguo/CLionProjects/args/../../.hunter/_Base/Download/Hunter/0.14.23/999f07d/Unpacked/cmake/projects/GTest/hunter.cmake">
			<Option virtualFolder="CMake Files\..\..\.hunter\_Base\Download\Hunter\0.14.23\999f07d\Unpacked\cmake\projects\GTest\"/>
		</Unit>
		<Unit filename="/Users/dengzhiguo/CLionProjects/args/../../.hunter/_Base/Download/Hunter/0.14.23/999f07d/Unpacked/scripts/create-toolchain-info.cmake">
			<Option virtualFolder="CMake Files\..\..\.hunter\_Base\Download\Hunter\0.14.23\999f07d\Unpacked\scripts\"/>
		</Unit>
		<Unit filename="/Users/dengzhiguo/CLionProjects/args/../../.hunter/_Base/999f07d/f7ada1b/config.cmake">
			<Option virtualFolder="CMake Files\..\..\.hunter\_Base\999f07d\f7ada1b\"/>
		</Unit>
		<Unit filename="/Users/dengzhiguo/CLionProjects/args/../../.hunter/_Base/999f07d/f7ada1b/06f50e5/Install/lib/cmake/GTest/GTestConfig.cmake">
			<Option virtualFolder="CMake Files\..\..\.hunter\_Base\999f07d\f7ada1b\06f50e5\Install\lib\cmake\GTest\"/>
		</Unit>
		<Unit filename="/Users/dengzhiguo/CLionProjects/args/../../.hunter/_Base/999f07d/f7ada1b/06f50e5/Install/lib/cmake/GTest/GTestConfigVersion.cmake">
			<Option virtualFolder="CMake Files\..\..\.hunter\_Base\999f07d\f7ada1b\06f50e5\Install\lib\cmake\GTest\"/>
		</Unit>
		<Unit filename="/Users/dengzhiguo/CLionProjects/args/../../.hunter/_Base/999f07d/f7ada1b/06f50e5/Install/lib/cmake/GTest/GTestTargets-debug.cmake">
			<Option virtualFolder="CMake Files\..\..\.hunter\_Base\999f07d\f7ada1b\06f50e5\Install\lib\cmake\GTest\"/>
		</Unit>
		<Unit filename="/Users/dengzhiguo/CLionProjects/args/../../.hunter/_Base/999f07d/f7ada1b/06f50e5/Install/lib/cmake/GTest/GTestTargets-release.cmake">
			<Option virtualFolder="CMake Files\..\..\.hunter\_Base\999f07d\f7ada1b\06f50e5\Install\lib\cmake\GTest\"/>
		</Unit>
		<Unit filename="/Users/dengzhiguo/CLionProjects/args/../../.hunter/_Base/999f07d/f7ada1b/06f50e5/Install/lib/cmake/GTest/GTestTargets.cmake">
			<Option virtualFolder="CMake Files\..\..\.hunter\_Base\999f07d\f7ada1b\06f50e5\Install\lib\cmake\GTest\"/>
		</Unit>
	</Project>
</CodeBlocks_project_file>
